
Microsoft Visual Studio Solution File, Format Version 12.00
# Visual Studio Version 16
VisualStudioVersion = 16.0.32510.428
MinimumVisualStudioVersion = 10.0.40219.1
Project("{FAE04EC0-301F-11D3-BF4B-00C04F79EFBC}") = "WebApplication8", "WebApplication8\WebApplication8.csproj", "{F04889A5-14AC-4381-B976-83E8019AF96E}"
EndProject
Global
	GlobalSection(SolutionConfigurationPlatforms) = preSolution
		Debug|Any CPU = Debug|Any CPU
		Release|Any CPU = Release|Any CPU
	EndGlobalSection
	GlobalSection(ProjectConfigurationPlatforms) = postSolution
		{F04889A5-14AC-4381-B976-83E8019AF96E}.Debug|Any CPU.ActiveCfg = Debug|Any CPU
		{F04889A5-14AC-4381-B976-83E8019AF96E}.Debug|Any CPU.Build.0 = Debug|Any CPU
		{F04889A5-14AC-4381-B976-83E8019AF96E}.Release|Any CPU.ActiveCfg = Release|Any CPU
		{F04889A5-14AC-4381-B976-83E8019AF96E}.Release|Any CPU.Build.0 = Release|Any CPU
	EndGlobalSection
	GlobalSection(SolutionProperties) = preSolution
		HideSolutionNode = FALSE
	EndGlobalSection
	GlobalSection(ExtensibilityGlobals) = postSolution
		SolutionGuid = {BC63D434-6224-470F-8DF3-DBAFF7EB9055}
	EndGlobalSection
EndGlobal
